
Microsoft Visual Studio Solution File, Format Version 12.00
# Visual Studio 14
VisualStudioVersion = 14.0.23107.0
MinimumVisualStudioVersion = 10.0.40219.1
Project("{FAE04EC0-301F-11D3-BF4B-00C04F79EFBC}") = "ExampleBot", "SteamBot\ExampleBot.csproj", "{E81DED36-EDF5-41A5-8666-A3A0C581762F}"
	ProjectSection(ProjectDependencies) = postProject
		{5AD0934E-F6C4-4AE5-83AF-C788313B2A87} = {5AD0934E-F6C4-4AE5-83AF-C788313B2A87}
	EndProjectSection
EndProject
Project("{FAE04EC0-301F-11D3-BF4B-00C04F79EFBC}") = "SteamTrade", "SteamTrade\SteamTrade.csproj", "{6CEC0333-81EB-40EE-85D1-941363626FC7}"
EndProject
Project("{2150E333-8FDC-42A3-9474-1A3956D46DE8}") = ".nuget", ".nuget", "{C8129CC9-FBBA-4F80-831B-94BDE64D263C}"
	ProjectSection(SolutionItems) = preProject
		.nuget\Microsoft.Build.dll = .nuget\Microsoft.Build.dll
		.nuget\NuGet.Config = .nuget\NuGet.Config
		.nuget\NuGet.targets = .nuget\NuGet.targets
	EndProjectSection
EndProject
Project("{FAE04EC0-301F-11D3-BF4B-00C04F79EFBC}") = "VBotTests", "VBotTests\VBotTests.csproj", "{F3CE0353-B823-4C72-AE0D-677DDEBF2D38}"
EndProject
Project("{FAE04EC0-301F-11D3-BF4B-00C04F79EFBC}") = "SteamAuth", "SteamAuth\SteamAuth\SteamAuth.csproj", "{5AD0934E-F6C4-4AE5-83AF-C788313B2A87}"
EndProject
Global
	GlobalSection(SolutionConfigurationPlatforms) = preSolution
		Debug|Any CPU = Debug|Any CPU
		Release|Any CPU = Release|Any CPU
	EndGlobalSection
	GlobalSection(ProjectConfigurationPlatforms) = postSolution
		{E81DED36-EDF5-41A5-8666-A3A0C581762F}.Debug|Any CPU.ActiveCfg = Debug|Any CPU
		{E81DED36-EDF5-41A5-8666-A3A0C581762F}.Debug|Any CPU.Build.0 = Debug|Any CPU
		{E81DED36-EDF5-41A5-8666-A3A0C581762F}.Release|Any CPU.ActiveCfg = Release|Any CPU
		{E81DED36-EDF5-41A5-8666-A3A0C581762F}.Release|Any CPU.Build.0 = Release|Any CPU
		{6CEC0333-81EB-40EE-85D1-941363626FC7}.Debug|Any CPU.ActiveCfg = Debug|Any CPU
		{6CEC0333-81EB-40EE-85D1-941363626FC7}.Debug|Any CPU.Build.0 = Debug|Any CPU
		{6CEC0333-81EB-40EE-85D1-941363626FC7}.Release|Any CPU.ActiveCfg = Release|Any CPU
		{6CEC0333-81EB-40EE-85D1-941363626FC7}.Release|Any CPU.Build.0 = Release|Any CPU
		{F3CE0353-B823-4C72-AE0D-677DDEBF2D38}.Debug|Any CPU.ActiveCfg = Debug|Any CPU
		{F3CE0353-B823-4C72-AE0D-677DDEBF2D38}.Debug|Any CPU.Build.0 = Debug|Any CPU
		{F3CE0353-B823-4C72-AE0D-677DDEBF2D38}.Release|Any CPU.ActiveCfg = Release|Any CPU
		{F3CE0353-B823-4C72-AE0D-677DDEBF2D38}.Release|Any CPU.Build.0 = Release|Any CPU
		{5AD0934E-F6C4-4AE5-83AF-C788313B2A87}.Debug|Any CPU.ActiveCfg = Debug|Any CPU
		{5AD0934E-F6C4-4AE5-83AF-C788313B2A87}.Debug|Any CPU.Build.0 = Debug|Any CPU
		{5AD0934E-F6C4-4AE5-83AF-C788313B2A87}.Release|Any CPU.ActiveCfg = Release|Any CPU
		{5AD0934E-F6C4-4AE5-83AF-C788313B2A87}.Release|Any CPU.Build.0 = Release|Any CPU
	EndGlobalSection
	GlobalSection(SolutionProperties) = preSolution
		HideSolutionNode = FALSE
	EndGlobalSection
	GlobalSection(MonoDevelopProperties) = preSolution
		Policies = $0
		$0.DotNetNamingPolicy = $1
		$1.DirectoryNamespaceAssociation = None
		$1.ResourceNamePolicy = FileFormatDefault
		$0.TextStylePolicy = $2
		$2.FileWidth = 120
		$2.TabsToSpaces = False
		$2.inheritsSet = VisualStudio
		$2.inheritsScope = text/plain
		version = 0.2
		outputpath = ..\Bin
	EndGlobalSection
EndGlobal
