
Microsoft Visual Studio Solution File, Format Version 12.00
# Visual Studio 15
VisualStudioVersion = 15.0.27428.2005
MinimumVisualStudioVersion = 10.0.40219.1
Project("{FAE04EC0-301F-11D3-BF4B-00C04F79EFBC}") = "SteamTrade", "SteamTrade\SteamTrade.csproj", "{1BBA977B-6E1A-4C74-AAE8-14B353AC2CE0}"
EndProject
Project("{FAE04EC0-301F-11D3-BF4B-00C04F79EFBC}") = "ExampleBot", "SteamBot\ExampleBot.csproj", "{8A6D9B9B-0B8C-4EB2-B6E8-173C8AB0BC85}"
EndProject
Global
	GlobalSection(SolutionConfigurationPlatforms) = preSolution
		Debug|Any CPU = Debug|Any CPU
		Release|Any CPU = Release|Any CPU
	EndGlobalSection
	GlobalSection(ProjectConfigurationPlatforms) = postSolution
		{1BBA977B-6E1A-4C74-AAE8-14B353AC2CE0}.Debug|Any CPU.ActiveCfg = Debug|Any CPU
		{1BBA977B-6E1A-4C74-AAE8-14B353AC2CE0}.Debug|Any CPU.Build.0 = Debug|Any CPU
		{1BBA977B-6E1A-4C74-AAE8-14B353AC2CE0}.Release|Any CPU.ActiveCfg = Release|Any CPU
		{1BBA977B-6E1A-4C74-AAE8-14B353AC2CE0}.Release|Any CPU.Build.0 = Release|Any CPU
		{8A6D9B9B-0B8C-4EB2-B6E8-173C8AB0BC85}.Debug|Any CPU.ActiveCfg = Debug|Any CPU
		{8A6D9B9B-0B8C-4EB2-B6E8-173C8AB0BC85}.Debug|Any CPU.Build.0 = Debug|Any CPU
		{8A6D9B9B-0B8C-4EB2-B6E8-173C8AB0BC85}.Release|Any CPU.ActiveCfg = Release|Any CPU
		{8A6D9B9B-0B8C-4EB2-B6E8-173C8AB0BC85}.Release|Any CPU.Build.0 = Release|Any CPU
	EndGlobalSection
	GlobalSection(SolutionProperties) = preSolution
		HideSolutionNode = FALSE
	EndGlobalSection
	GlobalSection(ExtensibilityGlobals) = postSolution
		SolutionGuid = {BB867004-FFDA-4078-8D30-75CF6140272A}
	EndGlobalSection
EndGlobal
