
Microsoft Visual Studio Solution File, Format Version 12.00
# Visual Studio 15
VisualStudioVersion = 15.0.27428.2005
MinimumVisualStudioVersion = 10.0.40219.1
Project("{FAE04EC0-301F-11D3-BF4B-00C04F79EFBC}") = "SteamTrade", "SteamTrade\SteamTrade.csproj", "{1BBA977B-6E1A-4C74-AAE8-14B353AC2CE0}"
EndProject
Project("{FAE04EC0-301F-11D3-BF4B-00C04F79EFBC}") = "SteamTradeUnitTest", "SteamBotTradeTest\SteamTradeUnitTest.csproj", "{D13E7E73-E195-41C1-9CD2-8906046DB04E}"
EndProject
Global
	GlobalSection(SolutionConfigurationPlatforms) = preSolution
		Debug|Any CPU = Debug|Any CPU
		Release|Any CPU = Release|Any CPU
	EndGlobalSection
	GlobalSection(ProjectConfigurationPlatforms) = postSolution
		{1BBA977B-6E1A-4C74-AAE8-14B353AC2CE0}.Debug|Any CPU.ActiveCfg = Debug|Any CPU
		{1BBA977B-6E1A-4C74-AAE8-14B353AC2CE0}.Debug|Any CPU.Build.0 = Debug|Any CPU
		{1BBA977B-6E1A-4C74-AAE8-14B353AC2CE0}.Release|Any CPU.ActiveCfg = Release|Any CPU
		{1BBA977B-6E1A-4C74-AAE8-14B353AC2CE0}.Release|Any CPU.Build.0 = Release|Any CPU
		{D13E7E73-E195-41C1-9CD2-8906046DB04E}.Debug|Any CPU.ActiveCfg = Debug|Any CPU
		{D13E7E73-E195-41C1-9CD2-8906046DB04E}.Debug|Any CPU.Build.0 = Debug|Any CPU
		{D13E7E73-E195-41C1-9CD2-8906046DB04E}.Release|Any CPU.ActiveCfg = Release|Any CPU
		{D13E7E73-E195-41C1-9CD2-8906046DB04E}.Release|Any CPU.Build.0 = Release|Any CPU
	EndGlobalSection
	GlobalSection(SolutionProperties) = preSolution
		HideSolutionNode = FALSE
	EndGlobalSection
	GlobalSection(ExtensibilityGlobals) = postSolution
		SolutionGuid = {A770FB34-9211-426C-BB40-1D2FDEEF465C}
	EndGlobalSection
EndGlobal
