
Microsoft Visual Studio Solution File, Format Version 12.00
# Visual Studio 2013
VisualStudioVersion = 12.0.31101.0
MinimumVisualStudioVersion = 10.0.40219.1
Project("{FAE04EC0-301F-11D3-BF4B-00C04F79EFBC}") = "SteamTrade", "SteamTrade\SteamTrade.csproj", "{6CEC0333-81EB-40EE-85D1-941363626FC7}"
EndProject
Project("{2150E333-8FDC-42A3-9474-1A3956D46DE8}") = ".nuget", ".nuget", "{C8129CC9-FBBA-4F80-831B-94BDE64D263C}"
	ProjectSection(SolutionItems) = preProject
		.nuget\Microsoft.Build.dll = .nuget\Microsoft.Build.dll
		.nuget\NuGet.Config = .nuget\NuGet.Config
		.nuget\NuGet.targets = .nuget\NuGet.targets
	EndProjectSection
EndProject
Project("{FAE04EC0-301F-11D3-BF4B-00C04F79EFBC}") = "SteamTradeUnitTest", "SteamBotUnitTest\SteamTradeUnitTest.csproj", "{DD770440-43F0-4440-BD36-DD91A0EB6842}"
EndProject
Global
	GlobalSection(SolutionConfigurationPlatforms) = preSolution
		CoreOnly|Any CPU = CoreOnly|Any CPU
		CoreOnly|Mixed Platforms = CoreOnly|Mixed Platforms
		CoreOnly|x86 = CoreOnly|x86
		Debug|Any CPU = Debug|Any CPU
		Debug|Mixed Platforms = Debug|Mixed Platforms
		Debug|x86 = Debug|x86
		iOS|Any CPU = iOS|Any CPU
		iOS|Mixed Platforms = iOS|Mixed Platforms
		iOS|x86 = iOS|x86
		Net20|Any CPU = Net20|Any CPU
		Net20|Mixed Platforms = Net20|Mixed Platforms
		Net20|x86 = Net20|x86
		Profile|Any CPU = Profile|Any CPU
		Profile|Mixed Platforms = Profile|Mixed Platforms
		Profile|x86 = Profile|x86
		Release|Any CPU = Release|Any CPU
		Release|Mixed Platforms = Release|Mixed Platforms
		Release|x86 = Release|x86
		Silverlight2|Any CPU = Silverlight2|Any CPU
		Silverlight2|Mixed Platforms = Silverlight2|Mixed Platforms
		Silverlight2|x86 = Silverlight2|x86
		Unity|Any CPU = Unity|Any CPU
		Unity|Mixed Platforms = Unity|Mixed Platforms
		Unity|x86 = Unity|x86
	EndGlobalSection
	GlobalSection(ProjectConfigurationPlatforms) = postSolution
		{6CEC0333-81EB-40EE-85D1-941363626FC7}.CoreOnly|Any CPU.ActiveCfg = Debug|Any CPU
		{6CEC0333-81EB-40EE-85D1-941363626FC7}.CoreOnly|Any CPU.Build.0 = Debug|Any CPU
		{6CEC0333-81EB-40EE-85D1-941363626FC7}.CoreOnly|Mixed Platforms.ActiveCfg = Release|Any CPU
		{6CEC0333-81EB-40EE-85D1-941363626FC7}.CoreOnly|x86.ActiveCfg = Release|Any CPU
		{6CEC0333-81EB-40EE-85D1-941363626FC7}.Debug|Any CPU.ActiveCfg = Debug|Any CPU
		{6CEC0333-81EB-40EE-85D1-941363626FC7}.Debug|Any CPU.Build.0 = Debug|Any CPU
		{6CEC0333-81EB-40EE-85D1-941363626FC7}.Debug|Mixed Platforms.ActiveCfg = Debug|Any CPU
		{6CEC0333-81EB-40EE-85D1-941363626FC7}.Debug|Mixed Platforms.Build.0 = Debug|Any CPU
		{6CEC0333-81EB-40EE-85D1-941363626FC7}.Debug|x86.ActiveCfg = Debug|Any CPU
		{6CEC0333-81EB-40EE-85D1-941363626FC7}.Debug|x86.Build.0 = Debug|Any CPU
		{6CEC0333-81EB-40EE-85D1-941363626FC7}.iOS|Any CPU.ActiveCfg = Debug|Any CPU
		{6CEC0333-81EB-40EE-85D1-941363626FC7}.iOS|Any CPU.Build.0 = Debug|Any CPU
		{6CEC0333-81EB-40EE-85D1-941363626FC7}.iOS|Mixed Platforms.ActiveCfg = Debug|Any CPU
		{6CEC0333-81EB-40EE-85D1-941363626FC7}.iOS|Mixed Platforms.Build.0 = Debug|Any CPU
		{6CEC0333-81EB-40EE-85D1-941363626FC7}.iOS|x86.ActiveCfg = Debug|Any CPU
		{6CEC0333-81EB-40EE-85D1-941363626FC7}.iOS|x86.Build.0 = Debug|Any CPU
		{6CEC0333-81EB-40EE-85D1-941363626FC7}.Net20|Any CPU.ActiveCfg = Debug|Any CPU
		{6CEC0333-81EB-40EE-85D1-941363626FC7}.Net20|Any CPU.Build.0 = Debug|Any CPU
		{6CEC0333-81EB-40EE-85D1-941363626FC7}.Net20|Mixed Platforms.ActiveCfg = Debug|Any CPU
		{6CEC0333-81EB-40EE-85D1-941363626FC7}.Net20|Mixed Platforms.Build.0 = Debug|Any CPU
		{6CEC0333-81EB-40EE-85D1-941363626FC7}.Net20|x86.ActiveCfg = Debug|Any CPU
		{6CEC0333-81EB-40EE-85D1-941363626FC7}.Net20|x86.Build.0 = Debug|Any CPU
		{6CEC0333-81EB-40EE-85D1-941363626FC7}.Profile|Any CPU.ActiveCfg = Debug|Any CPU
		{6CEC0333-81EB-40EE-85D1-941363626FC7}.Profile|Any CPU.Build.0 = Debug|Any CPU
		{6CEC0333-81EB-40EE-85D1-941363626FC7}.Profile|Mixed Platforms.ActiveCfg = Debug|Any CPU
		{6CEC0333-81EB-40EE-85D1-941363626FC7}.Profile|Mixed Platforms.Build.0 = Debug|Any CPU
		{6CEC0333-81EB-40EE-85D1-941363626FC7}.Profile|x86.ActiveCfg = Debug|Any CPU
		{6CEC0333-81EB-40EE-85D1-941363626FC7}.Profile|x86.Build.0 = Debug|Any CPU
		{6CEC0333-81EB-40EE-85D1-941363626FC7}.Release|Any CPU.ActiveCfg = Release|Any CPU
		{6CEC0333-81EB-40EE-85D1-941363626FC7}.Release|Any CPU.Build.0 = Release|Any CPU
		{6CEC0333-81EB-40EE-85D1-941363626FC7}.Release|Mixed Platforms.ActiveCfg = Release|Any CPU
		{6CEC0333-81EB-40EE-85D1-941363626FC7}.Release|Mixed Platforms.Build.0 = Release|Any CPU
		{6CEC0333-81EB-40EE-85D1-941363626FC7}.Release|x86.ActiveCfg = Release|Any CPU
		{6CEC0333-81EB-40EE-85D1-941363626FC7}.Release|x86.Build.0 = Release|Any CPU
		{6CEC0333-81EB-40EE-85D1-941363626FC7}.Silverlight2|Any CPU.ActiveCfg = Debug|Any CPU
		{6CEC0333-81EB-40EE-85D1-941363626FC7}.Silverlight2|Any CPU.Build.0 = Debug|Any CPU
		{6CEC0333-81EB-40EE-85D1-941363626FC7}.Silverlight2|Mixed Platforms.ActiveCfg = Debug|Any CPU
		{6CEC0333-81EB-40EE-85D1-941363626FC7}.Silverlight2|Mixed Platforms.Build.0 = Debug|Any CPU
		{6CEC0333-81EB-40EE-85D1-941363626FC7}.Silverlight2|x86.ActiveCfg = Debug|Any CPU
		{6CEC0333-81EB-40EE-85D1-941363626FC7}.Silverlight2|x86.Build.0 = Debug|Any CPU
		{6CEC0333-81EB-40EE-85D1-941363626FC7}.Unity|Any CPU.ActiveCfg = Debug|Any CPU
		{6CEC0333-81EB-40EE-85D1-941363626FC7}.Unity|Any CPU.Build.0 = Debug|Any CPU
		{6CEC0333-81EB-40EE-85D1-941363626FC7}.Unity|Mixed Platforms.ActiveCfg = Release|Any CPU
		{6CEC0333-81EB-40EE-85D1-941363626FC7}.Unity|x86.ActiveCfg = Release|Any CPU
		{DD770440-43F0-4440-BD36-DD91A0EB6842}.CoreOnly|Any CPU.ActiveCfg = Release|Any CPU
		{DD770440-43F0-4440-BD36-DD91A0EB6842}.CoreOnly|Any CPU.Build.0 = Release|Any CPU
		{DD770440-43F0-4440-BD36-DD91A0EB6842}.CoreOnly|Mixed Platforms.ActiveCfg = Release|Any CPU
		{DD770440-43F0-4440-BD36-DD91A0EB6842}.CoreOnly|Mixed Platforms.Build.0 = Release|Any CPU
		{DD770440-43F0-4440-BD36-DD91A0EB6842}.CoreOnly|x86.ActiveCfg = Release|Any CPU
		{DD770440-43F0-4440-BD36-DD91A0EB6842}.Debug|Any CPU.ActiveCfg = Debug|Any CPU
		{DD770440-43F0-4440-BD36-DD91A0EB6842}.Debug|Any CPU.Build.0 = Debug|Any CPU
		{DD770440-43F0-4440-BD36-DD91A0EB6842}.Debug|Mixed Platforms.ActiveCfg = Debug|Any CPU
		{DD770440-43F0-4440-BD36-DD91A0EB6842}.Debug|Mixed Platforms.Build.0 = Debug|Any CPU
		{DD770440-43F0-4440-BD36-DD91A0EB6842}.Debug|x86.ActiveCfg = Debug|Any CPU
		{DD770440-43F0-4440-BD36-DD91A0EB6842}.iOS|Any CPU.ActiveCfg = Release|Any CPU
		{DD770440-43F0-4440-BD36-DD91A0EB6842}.iOS|Any CPU.Build.0 = Release|Any CPU
		{DD770440-43F0-4440-BD36-DD91A0EB6842}.iOS|Mixed Platforms.ActiveCfg = Release|Any CPU
		{DD770440-43F0-4440-BD36-DD91A0EB6842}.iOS|Mixed Platforms.Build.0 = Release|Any CPU
		{DD770440-43F0-4440-BD36-DD91A0EB6842}.iOS|x86.ActiveCfg = Release|Any CPU
		{DD770440-43F0-4440-BD36-DD91A0EB6842}.Net20|Any CPU.ActiveCfg = Release|Any CPU
		{DD770440-43F0-4440-BD36-DD91A0EB6842}.Net20|Any CPU.Build.0 = Release|Any CPU
		{DD770440-43F0-4440-BD36-DD91A0EB6842}.Net20|Mixed Platforms.ActiveCfg = Release|Any CPU
		{DD770440-43F0-4440-BD36-DD91A0EB6842}.Net20|Mixed Platforms.Build.0 = Release|Any CPU
		{DD770440-43F0-4440-BD36-DD91A0EB6842}.Net20|x86.ActiveCfg = Release|Any CPU
		{DD770440-43F0-4440-BD36-DD91A0EB6842}.Profile|Any CPU.ActiveCfg = Release|Any CPU
		{DD770440-43F0-4440-BD36-DD91A0EB6842}.Profile|Any CPU.Build.0 = Release|Any CPU
		{DD770440-43F0-4440-BD36-DD91A0EB6842}.Profile|Mixed Platforms.ActiveCfg = Release|Any CPU
		{DD770440-43F0-4440-BD36-DD91A0EB6842}.Profile|Mixed Platforms.Build.0 = Release|Any CPU
		{DD770440-43F0-4440-BD36-DD91A0EB6842}.Profile|x86.ActiveCfg = Release|Any CPU
		{DD770440-43F0-4440-BD36-DD91A0EB6842}.Release|Any CPU.ActiveCfg = Release|Any CPU
		{DD770440-43F0-4440-BD36-DD91A0EB6842}.Release|Any CPU.Build.0 = Release|Any CPU
		{DD770440-43F0-4440-BD36-DD91A0EB6842}.Release|Mixed Platforms.ActiveCfg = Release|Any CPU
		{DD770440-43F0-4440-BD36-DD91A0EB6842}.Release|Mixed Platforms.Build.0 = Release|Any CPU
		{DD770440-43F0-4440-BD36-DD91A0EB6842}.Release|x86.ActiveCfg = Release|Any CPU
		{DD770440-43F0-4440-BD36-DD91A0EB6842}.Silverlight2|Any CPU.ActiveCfg = Release|Any CPU
		{DD770440-43F0-4440-BD36-DD91A0EB6842}.Silverlight2|Any CPU.Build.0 = Release|Any CPU
		{DD770440-43F0-4440-BD36-DD91A0EB6842}.Silverlight2|Mixed Platforms.ActiveCfg = Release|Any CPU
		{DD770440-43F0-4440-BD36-DD91A0EB6842}.Silverlight2|Mixed Platforms.Build.0 = Release|Any CPU
		{DD770440-43F0-4440-BD36-DD91A0EB6842}.Silverlight2|x86.ActiveCfg = Release|Any CPU
		{DD770440-43F0-4440-BD36-DD91A0EB6842}.Unity|Any CPU.ActiveCfg = Release|Any CPU
		{DD770440-43F0-4440-BD36-DD91A0EB6842}.Unity|Any CPU.Build.0 = Release|Any CPU
		{DD770440-43F0-4440-BD36-DD91A0EB6842}.Unity|Mixed Platforms.ActiveCfg = Release|Any CPU
		{DD770440-43F0-4440-BD36-DD91A0EB6842}.Unity|Mixed Platforms.Build.0 = Release|Any CPU
		{DD770440-43F0-4440-BD36-DD91A0EB6842}.Unity|x86.ActiveCfg = Release|Any CPU
	EndGlobalSection
	GlobalSection(SolutionProperties) = preSolution
		HideSolutionNode = FALSE
	EndGlobalSection
	GlobalSection(MonoDevelopProperties) = preSolution
		StartupItem = SteamBot\ExampleBot.csproj
		Policies = $0
		$0.DotNetNamingPolicy = $1
		$1.DirectoryNamespaceAssociation = None
		$1.ResourceNamePolicy = FileFormatDefault
		$0.TextStylePolicy = $5
		$2.inheritsSet = null
		$2.scope = text/x-csharp
		$0.CSharpFormattingPolicy = $3
		$3.AnonymousMethodBraceStyle = NextLine
		$3.PropertyBraceStyle = NextLine
		$3.PropertyGetBraceStyle = NextLine
		$3.PropertySetBraceStyle = NextLine
		$3.EventBraceStyle = NextLine
		$3.EventAddBraceStyle = NextLine
		$3.EventRemoveBraceStyle = NextLine
		$3.StatementBraceStyle = NextLine
		$3.ElseNewLinePlacement = NewLine
		$3.CatchNewLinePlacement = NewLine
		$3.FinallyNewLinePlacement = NewLine
		$3.inheritsSet = Mono
		$3.inheritsScope = text/x-csharp
		$3.scope = text/x-csharp
		$4.FileWidth = 120
		$4.inheritsSet = VisualStudio
		$4.inheritsScope = text/plain
		$4.scope = text/plain
		$5.inheritsSet = null
		$5.scope = application/octet-stream
		$0.StandardHeader = $6
		$6.Text = 
		$6.IncludeInNewFiles = True
		$0.NameConventionPolicy = $7
		$7.Rules = $8
		$8.NamingRule = $33
		$9.Name = Namespaces
		$9.AffectedEntity = Namespace
		$9.VisibilityMask = VisibilityMask
		$9.NamingStyle = PascalCase
		$9.IncludeInstanceMembers = True
		$9.IncludeStaticEntities = True
		$10.Name = Types
		$10.AffectedEntity = Class, Struct, Enum, Delegate
		$10.VisibilityMask = VisibilityMask
		$10.NamingStyle = PascalCase
		$10.IncludeInstanceMembers = True
		$10.IncludeStaticEntities = True
		$11.Name = Interfaces
		$11.RequiredPrefixes = $12
		$12.String = I
		$11.AffectedEntity = Interface
		$11.VisibilityMask = VisibilityMask
		$11.NamingStyle = PascalCase
		$11.IncludeInstanceMembers = True
		$11.IncludeStaticEntities = True
		$13.Name = Attributes
		$13.RequiredSuffixes = $14
		$14.String = Attribute
		$13.AffectedEntity = CustomAttributes
		$13.VisibilityMask = VisibilityMask
		$13.NamingStyle = PascalCase
		$13.IncludeInstanceMembers = True
		$13.IncludeStaticEntities = True
		$15.Name = Event Arguments
		$15.RequiredSuffixes = $16
		$16.String = EventArgs
		$15.AffectedEntity = CustomEventArgs
		$15.VisibilityMask = VisibilityMask
		$15.NamingStyle = PascalCase
		$15.IncludeInstanceMembers = True
		$15.IncludeStaticEntities = True
		$17.Name = Exceptions
		$17.RequiredSuffixes = $18
		$18.String = Exception
		$17.AffectedEntity = CustomExceptions
		$17.VisibilityMask = VisibilityMask
		$17.NamingStyle = PascalCase
		$17.IncludeInstanceMembers = True
		$17.IncludeStaticEntities = True
		$19.Name = Methods
		$19.AffectedEntity = Methods
		$19.VisibilityMask = VisibilityMask
		$19.NamingStyle = PascalCase
		$19.IncludeInstanceMembers = True
		$19.IncludeStaticEntities = True
		$20.Name = Static Readonly Fields
		$20.AffectedEntity = ReadonlyField
		$20.VisibilityMask = Internal, Protected, Public
		$20.NamingStyle = PascalCase
		$20.IncludeInstanceMembers = False
		$20.IncludeStaticEntities = True
		$21.Name = Fields (Non Private)
		$21.AffectedEntity = Field
		$21.VisibilityMask = Internal, Protected, Public
		$21.NamingStyle = PascalCase
		$21.IncludeInstanceMembers = True
		$21.IncludeStaticEntities = True
		$22.Name = ReadOnly Fields (Non Private)
		$22.AffectedEntity = ReadonlyField
		$22.VisibilityMask = Internal, Protected, Public
		$22.NamingStyle = PascalCase
		$22.IncludeInstanceMembers = True
		$22.IncludeStaticEntities = False
		$23.Name = Fields (Private)
		$23.AllowedPrefixes = $24
		$24.String = m_
		$23.AffectedEntity = Field, ReadonlyField
		$23.VisibilityMask = Private
		$23.NamingStyle = CamelCase
		$23.IncludeInstanceMembers = True
		$23.IncludeStaticEntities = False
		$25.Name = Static Fields (Private)
		$25.AffectedEntity = Field
		$25.VisibilityMask = Private
		$25.NamingStyle = CamelCase
		$25.IncludeInstanceMembers = False
		$25.IncludeStaticEntities = True
		$26.Name = ReadOnly Fields (Private)
		$26.AllowedPrefixes = $27
		$27.String = m_
		$26.AffectedEntity = ReadonlyField
		$26.VisibilityMask = Private
		$26.NamingStyle = CamelCase
		$26.IncludeInstanceMembers = True
		$26.IncludeStaticEntities = False
		$28.Name = Constant Fields
		$28.AffectedEntity = ConstantField
		$28.VisibilityMask = VisibilityMask
		$28.NamingStyle = PascalCase
		$28.IncludeInstanceMembers = True
		$28.IncludeStaticEntities = True
		$29.Name = Properties
		$29.AffectedEntity = Property
		$29.VisibilityMask = VisibilityMask
		$29.NamingStyle = PascalCase
		$29.IncludeInstanceMembers = True
		$29.IncludeStaticEntities = True
		$30.Name = Events
		$30.AffectedEntity = Event
		$30.VisibilityMask = VisibilityMask
		$30.NamingStyle = PascalCase
		$30.IncludeInstanceMembers = True
		$30.IncludeStaticEntities = True
		$31.Name = Enum Members
		$31.AffectedEntity = EnumMember
		$31.VisibilityMask = VisibilityMask
		$31.NamingStyle = PascalCase
		$31.IncludeInstanceMembers = True
		$31.IncludeStaticEntities = True
		$32.Name = Parameters
		$32.AffectedEntity = Parameter
		$32.VisibilityMask = VisibilityMask
		$32.NamingStyle = CamelCase
		$32.IncludeInstanceMembers = True
		$32.IncludeStaticEntities = True
		$33.Name = Type Parameters
		$33.RequiredPrefixes = $34
		$34.String = T
		$33.AffectedEntity = TypeParameter
		$33.VisibilityMask = VisibilityMask
		$33.NamingStyle = PascalCase
		$33.IncludeInstanceMembers = True
		$33.IncludeStaticEntities = True
		outputpath = ..\Bin
	EndGlobalSection
EndGlobal
